
Microsoft Visual Studio Solution File, Format Version 12.00
# Visual Studio Version 17
VisualStudioVersion = 17.0.31903.59
MinimumVisualStudioVersion = 10.0.40219.1
Project("{2150E333-8FDC-42A3-9474-1A3956D46DE8}") = "src", "src", "{C2105A71-5231-4712-AA1E-20B113F9972A}"
EndProject
Project("{FAE04EC0-301F-11D3-BF4B-00C04F79EFBC}") = "AuctionService", "src\AuctionService\AuctionService.csproj", "{EB1789EE-2AE5-42D8-886B-9156FE71F866}"
EndProject
Project("{FAE04EC0-301F-11D3-BF4B-00C04F79EFBC}") = "SearchService", "src\SearchService\SearchService.csproj", "{E48AF536-5F01-4EEC-AD7F-BD70ABA11A45}"
EndProject
Project("{FAE04EC0-301F-11D3-BF4B-00C04F79EFBC}") = "Contracts", "src\Contracts\Contracts.csproj", "{C1931B4E-F990-4489-ACBA-0CCABFCFB55F}"
EndProject
Project("{FAE04EC0-301F-11D3-BF4B-00C04F79EFBC}") = "IdentityService", "src\IdentityService\IdentityService.csproj", "{4866C976-DD84-446C-B406-FBDB722D4267}"
EndProject
Project("{FAE04EC0-301F-11D3-BF4B-00C04F79EFBC}") = "GateWayService", "src\GateWayService\GateWayService.csproj", "{A3310FC4-9AEB-4C0C-83D8-293C2935451F}"
EndProject
Global
	GlobalSection(SolutionConfigurationPlatforms) = preSolution
		Debug|Any CPU = Debug|Any CPU
		Release|Any CPU = Release|Any CPU
	EndGlobalSection
	GlobalSection(ProjectConfigurationPlatforms) = postSolution
		{EB1789EE-2AE5-42D8-886B-9156FE71F866}.Debug|Any CPU.ActiveCfg = Debug|Any CPU
		{EB1789EE-2AE5-42D8-886B-9156FE71F866}.Debug|Any CPU.Build.0 = Debug|Any CPU
		{EB1789EE-2AE5-42D8-886B-9156FE71F866}.Release|Any CPU.ActiveCfg = Release|Any CPU
		{EB1789EE-2AE5-42D8-886B-9156FE71F866}.Release|Any CPU.Build.0 = Release|Any CPU
		{E48AF536-5F01-4EEC-AD7F-BD70ABA11A45}.Debug|Any CPU.ActiveCfg = Debug|Any CPU
		{E48AF536-5F01-4EEC-AD7F-BD70ABA11A45}.Debug|Any CPU.Build.0 = Debug|Any CPU
		{E48AF536-5F01-4EEC-AD7F-BD70ABA11A45}.Release|Any CPU.ActiveCfg = Release|Any CPU
		{E48AF536-5F01-4EEC-AD7F-BD70ABA11A45}.Release|Any CPU.Build.0 = Release|Any CPU
		{C1931B4E-F990-4489-ACBA-0CCABFCFB55F}.Debug|Any CPU.ActiveCfg = Debug|Any CPU
		{C1931B4E-F990-4489-ACBA-0CCABFCFB55F}.Debug|Any CPU.Build.0 = Debug|Any CPU
		{C1931B4E-F990-4489-ACBA-0CCABFCFB55F}.Release|Any CPU.ActiveCfg = Release|Any CPU
		{C1931B4E-F990-4489-ACBA-0CCABFCFB55F}.Release|Any CPU.Build.0 = Release|Any CPU
		{4866C976-DD84-446C-B406-FBDB722D4267}.Debug|Any CPU.ActiveCfg = Debug|Any CPU
		{4866C976-DD84-446C-B406-FBDB722D4267}.Debug|Any CPU.Build.0 = Debug|Any CPU
		{4866C976-DD84-446C-B406-FBDB722D4267}.Release|Any CPU.ActiveCfg = Release|Any CPU
		{4866C976-DD84-446C-B406-FBDB722D4267}.Release|Any CPU.Build.0 = Release|Any CPU
		{A3310FC4-9AEB-4C0C-83D8-293C2935451F}.Debug|Any CPU.ActiveCfg = Debug|Any CPU
		{A3310FC4-9AEB-4C0C-83D8-293C2935451F}.Debug|Any CPU.Build.0 = Debug|Any CPU
		{A3310FC4-9AEB-4C0C-83D8-293C2935451F}.Release|Any CPU.ActiveCfg = Release|Any CPU
		{A3310FC4-9AEB-4C0C-83D8-293C2935451F}.Release|Any CPU.Build.0 = Release|Any CPU
	EndGlobalSection
	GlobalSection(SolutionProperties) = preSolution
		HideSolutionNode = FALSE
	EndGlobalSection
	GlobalSection(NestedProjects) = preSolution
		{EB1789EE-2AE5-42D8-886B-9156FE71F866} = {C2105A71-5231-4712-AA1E-20B113F9972A}
		{E48AF536-5F01-4EEC-AD7F-BD70ABA11A45} = {C2105A71-5231-4712-AA1E-20B113F9972A}
		{C1931B4E-F990-4489-ACBA-0CCABFCFB55F} = {C2105A71-5231-4712-AA1E-20B113F9972A}
		{4866C976-DD84-446C-B406-FBDB722D4267} = {C2105A71-5231-4712-AA1E-20B113F9972A}
		{A3310FC4-9AEB-4C0C-83D8-293C2935451F} = {C2105A71-5231-4712-AA1E-20B113F9972A}
	EndGlobalSection
EndGlobal
